<Solution>
  <Folder Name="/Solution Items/">
    <File Path="Directory.Packages.props" />
    <File Path="README.md" />
  </Folder>
  <Folder Name="/Android/">
    <Project Path="Android/DungeonSlime.csproj">
      <Deploy />
    </Project>
  </Folder>
  <Folder Name="/iOS/">
    <Project Path="iOS/DungeonSlime.csproj">
      <Deploy />
    </Project>
  </Folder>
  <Folder Name="/Desktop/">
    <Project Path="Desktop/DungeonSlime.csproj" />
  </Folder>
  <Project Path="MonoGameLibrary/MonoGameLibrary.csproj" />
</Solution>
